
Microsoft Visual Studio Solution File, Format Version 12.00
# Visual Studio Version 17
VisualStudioVersion = 17.11.35222.181
MinimumVisualStudioVersion = 10.0.40219.1
Project("{FAE04EC0-301F-11D3-BF4B-00C04F79EFBC}") = "CodingChallenge", "CodingChallenge.csproj", "{2702503B-CC9C-4CC8-AF8F-EAD86AFAEA1A}"
EndProject
Project("{FAE04EC0-301F-11D3-BF4B-00C04F79EFBC}") = "CodingChallengeTests", "..\CodingChallengeTests\CodingChallengeTests.csproj", "{E723A864-963D-4439-8194-D37B8C5D06F3}"
EndProject
Global
	GlobalSection(SolutionConfigurationPlatforms) = preSolution
		Debug|Any CPU = Debug|Any CPU
		Release|Any CPU = Release|Any CPU
	EndGlobalSection
	GlobalSection(ProjectConfigurationPlatforms) = postSolution
		{2702503B-CC9C-4CC8-AF8F-EAD86AFAEA1A}.Debug|Any CPU.ActiveCfg = Debug|Any CPU
		{2702503B-CC9C-4CC8-AF8F-EAD86AFAEA1A}.Debug|Any CPU.Build.0 = Debug|Any CPU
		{2702503B-CC9C-4CC8-AF8F-EAD86AFAEA1A}.Release|Any CPU.ActiveCfg = Release|Any CPU
		{2702503B-CC9C-4CC8-AF8F-EAD86AFAEA1A}.Release|Any CPU.Build.0 = Release|Any CPU
		{E723A864-963D-4439-8194-D37B8C5D06F3}.Debug|Any CPU.ActiveCfg = Debug|Any CPU
		{E723A864-963D-4439-8194-D37B8C5D06F3}.Debug|Any CPU.Build.0 = Debug|Any CPU
		{E723A864-963D-4439-8194-D37B8C5D06F3}.Release|Any CPU.ActiveCfg = Release|Any CPU
		{E723A864-963D-4439-8194-D37B8C5D06F3}.Release|Any CPU.Build.0 = Release|Any CPU
	EndGlobalSection
	GlobalSection(SolutionProperties) = preSolution
		HideSolutionNode = FALSE
	EndGlobalSection
	GlobalSection(ExtensibilityGlobals) = postSolution
		SolutionGuid = {F777973C-B144-4335-927A-A8D0C42828F8}
	EndGlobalSection
EndGlobal
